// !$*UTF8*$!
{
	archiveVersion = 1;
	classes = {
	};
	objectVersion = 55;
	objects = {

/* Begin PBXBuildFile section */
		16B149AD3ADCDCF881831A2E /* Pods_Filter_It.framework in Frameworks */ = {isa = PBXBuildFile; fileRef = 9EC207373B3A8B41E105A842 /* Pods_Filter_It.framework */; };
		845A92EA2A20C18A00651D35 /* TypeVC.xib in Resources */ = {isa = PBXBuildFile; fileRef = 845A92E92A20C18A00651D35 /* TypeVC.xib */; };
		845A92EC2A20C19500651D35 /* TypeVC.swift in Sources */ = {isa = PBXBuildFile; fileRef = 845A92EB2A20C19500651D35 /* TypeVC.swift */; };
		846BC2EF2AE82F6900AD428C /* Apps15init.swift in Sources */ = {isa = PBXBuildFile; fileRef = 846BC2EE2AE82F6900AD428C /* Apps15init.swift */; };
		84749B6C2AE51FE5004FBAE1 /* Montserrat-VariableFont_wght.ttf in Resources */ = {isa = PBXBuildFile; fileRef = 84749B552AE51FE5004FBAE1 /* Montserrat-VariableFont_wght.ttf */; };
		84749B6D2AE51FE5004FBAE1 /* Montserrat-Italic-VariableFont_wght.ttf in Resources */ = {isa = PBXBuildFile; fileRef = 84749B562AE51FE5004FBAE1 /* Montserrat-Italic-VariableFont_wght.ttf */; };
		84749B6E2AE51FE5004FBAE1 /* Montserrat-LightItalic.ttf in Resources */ = {isa = PBXBuildFile; fileRef = 84749B582AE51FE5004FBAE1 /* Montserrat-LightItalic.ttf */; };
		84749B6F2AE51FE5004FBAE1 /* Montserrat-Medium.ttf in Resources */ = {isa = PBXBuildFile; fileRef = 84749B592AE51FE5004FBAE1 /* Montserrat-Medium.ttf */; };
		84749B702AE51FE5004FBAE1 /* Montserrat-BoldItalic.ttf in Resources */ = {isa = PBXBuildFile; fileRef = 84749B5A2AE51FE5004FBAE1 /* Montserrat-BoldItalic.ttf */; };
		84749B712AE51FE5004FBAE1 /* Montserrat-Light.ttf in Resources */ = {isa = PBXBuildFile; fileRef = 84749B5B2AE51FE5004FBAE1 /* Montserrat-Light.ttf */; };
		84749B722AE51FE5004FBAE1 /* Montserrat-ThinItalic.ttf in Resources */ = {isa = PBXBuildFile; fileRef = 84749B5C2AE51FE5004FBAE1 /* Montserrat-ThinItalic.ttf */; };
		84749B732AE51FE5004FBAE1 /* Montserrat-ExtraLight.ttf in Resources */ = {isa = PBXBuildFile; fileRef = 84749B5D2AE51FE5004FBAE1 /* Montserrat-ExtraLight.ttf */; };
		84749B742AE51FE5004FBAE1 /* Montserrat-Thin.ttf in Resources */ = {isa = PBXBuildFile; fileRef = 84749B5E2AE51FE5004FBAE1 /* Montserrat-Thin.ttf */; };
		84749B752AE51FE5004FBAE1 /* Montserrat-Bold.ttf in Resources */ = {isa = PBXBuildFile; fileRef = 84749B5F2AE51FE5004FBAE1 /* Montserrat-Bold.ttf */; };
		84749B762AE51FE5004FBAE1 /* Montserrat-MediumItalic.ttf in Resources */ = {isa = PBXBuildFile; fileRef = 84749B602AE51FE5004FBAE1 /* Montserrat-MediumItalic.ttf */; };
		84749B772AE51FE5004FBAE1 /* Montserrat-BlackItalic.ttf in Resources */ = {isa = PBXBuildFile; fileRef = 84749B612AE51FE5004FBAE1 /* Montserrat-BlackItalic.ttf */; };
		84749B782AE51FE5004FBAE1 /* Montserrat-SemiBold.ttf in Resources */ = {isa = PBXBuildFile; fileRef = 84749B622AE51FE5004FBAE1 /* Montserrat-SemiBold.ttf */; };
		84749B792AE51FE5004FBAE1 /* Montserrat-ExtraLightItalic.ttf in Resources */ = {isa = PBXBuildFile; fileRef = 84749B632AE51FE5004FBAE1 /* Montserrat-ExtraLightItalic.ttf */; };
		84749B7A2AE51FE5004FBAE1 /* Montserrat-ExtraBold.ttf in Resources */ = {isa = PBXBuildFile; fileRef = 84749B642AE51FE5004FBAE1 /* Montserrat-ExtraBold.ttf */; };
		84749B7B2AE51FE5004FBAE1 /* Montserrat-Black.ttf in Resources */ = {isa = PBXBuildFile; fileRef = 84749B652AE51FE5004FBAE1 /* Montserrat-Black.ttf */; };
		84749B7C2AE51FE5004FBAE1 /* Montserrat-Regular.ttf in Resources */ = {isa = PBXBuildFile; fileRef = 84749B662AE51FE5004FBAE1 /* Montserrat-Regular.ttf */; };
		84749B7D2AE51FE5004FBAE1 /* Montserrat-Italic.ttf in Resources */ = {isa = PBXBuildFile; fileRef = 84749B672AE51FE5004FBAE1 /* Montserrat-Italic.ttf */; };
		84749B7E2AE51FE5004FBAE1 /* Montserrat-SemiBoldItalic.ttf in Resources */ = {isa = PBXBuildFile; fileRef = 84749B682AE51FE5004FBAE1 /* Montserrat-SemiBoldItalic.ttf */; };
		84749B7F2AE51FE5004FBAE1 /* Montserrat-ExtraBoldItalic.ttf in Resources */ = {isa = PBXBuildFile; fileRef = 84749B692AE51FE5004FBAE1 /* Montserrat-ExtraBoldItalic.ttf */; };
		84749B802AE51FE5004FBAE1 /* OFL.txt in Resources */ = {isa = PBXBuildFile; fileRef = 84749B6A2AE51FE5004FBAE1 /* OFL.txt */; };
		84749B812AE51FE5004FBAE1 /* README.txt in Resources */ = {isa = PBXBuildFile; fileRef = 84749B6B2AE51FE5004FBAE1 /* README.txt */; };
		84749B852AE520CA004FBAE1 /* selectType.swift in Sources */ = {isa = PBXBuildFile; fileRef = 84749B832AE520CA004FBAE1 /* selectType.swift */; };
		84749B862AE520CA004FBAE1 /* selectType.xib in Resources */ = {isa = PBXBuildFile; fileRef = 84749B842AE520CA004FBAE1 /* selectType.xib */; };
		84B94E102AE5156C00A2B210 /* WelcomeEnd.swift in Sources */ = {isa = PBXBuildFile; fileRef = 84B94E052AE5156C00A2B210 /* WelcomeEnd.swift */; };
		84B94E112AE5156C00A2B210 /* Welcome.storyboard in Resources */ = {isa = PBXBuildFile; fileRef = 84B94E062AE5156C00A2B210 /* Welcome.storyboard */; };
		84B94E152AE5156C00A2B210 /* WelcomeModel.swift in Sources */ = {isa = PBXBuildFile; fileRef = 84B94E0B2AE5156C00A2B210 /* WelcomeModel.swift */; };
		B007CF43279D78A600493B6D /* PageOne.swift in Sources */ = {isa = PBXBuildFile; fileRef = B007CF41279D78A600493B6D /* PageOne.swift */; };
		B007CF44279D78A600493B6D /* PageOne.xib in Resources */ = {isa = PBXBuildFile; fileRef = B007CF42279D78A600493B6D /* PageOne.xib */; };
		B007CF54279D83E200493B6D /* PageTwo.json in Resources */ = {isa = PBXBuildFile; fileRef = B007CF51279D83E200493B6D /* PageTwo.json */; };
		B007CF55279D83E200493B6D /* PageThree.json in Resources */ = {isa = PBXBuildFile; fileRef = B007CF52279D83E200493B6D /* PageThree.json */; };
		B007CF56279D83E200493B6D /* PageOne.json in Resources */ = {isa = PBXBuildFile; fileRef = B007CF53279D83E200493B6D /* PageOne.json */; };
		B0332FE82782DDCE00990D30 /* FavViewController.swift in Sources */ = {isa = PBXBuildFile; fileRef = B0332FE72782DDCE00990D30 /* FavViewController.swift */; };
		B05241F42794267500064A94 /* InAppPurchases.swift in Sources */ = {isa = PBXBuildFile; fileRef = B05241F027931C4E00064A94 /* InAppPurchases.swift */; };
		B05241F52794267800064A94 /* InAppPurchases.xib in Resources */ = {isa = PBXBuildFile; fileRef = B05241F127931C4E00064A94 /* InAppPurchases.xib */; };
		B06BFEAF279DAFD600C326A0 /* PageTwo.xib in Resources */ = {isa = PBXBuildFile; fileRef = B06BFEAD279DAFD600C326A0 /* PageTwo.xib */; };
		B06BFEB0279DAFD600C326A0 /* PageTwo.swift in Sources */ = {isa = PBXBuildFile; fileRef = B06BFEAE279DAFD600C326A0 /* PageTwo.swift */; };
		B0846D7F294EFCFE00C09DAB /* GoogleService-Info.plist in Resources */ = {isa = PBXBuildFile; fileRef = B0846D7E294EFCFE00C09DAB /* GoogleService-Info.plist */; };
		B0846D82294F015500C09DAB /* FirebaseAnalyticsWithoutAdIdSupport in Frameworks */ = {isa = PBXBuildFile; productRef = B0846D81294F015500C09DAB /* FirebaseAnalyticsWithoutAdIdSupport */; };
		B0857F8C279DB2A700B15C4F /* PageThree.swift in Sources */ = {isa = PBXBuildFile; fileRef = B0857F8A279DB2A700B15C4F /* PageThree.swift */; };
		B0857F8D279DB2A700B15C4F /* PageThree.xib in Resources */ = {isa = PBXBuildFile; fileRef = B0857F8B279DB2A700B15C4F /* PageThree.xib */; };
		B08B435E274A3C6B003B0791 /* AppDelegate.swift in Sources */ = {isa = PBXBuildFile; fileRef = B08B435D274A3C6B003B0791 /* AppDelegate.swift */; };
		B08B4362274A3C6B003B0791 /* ViewController.swift in Sources */ = {isa = PBXBuildFile; fileRef = B08B4361274A3C6B003B0791 /* ViewController.swift */; };
		B08B4365274A3C6B003B0791 /* Main.storyboard in Resources */ = {isa = PBXBuildFile; fileRef = B08B4363274A3C6B003B0791 /* Main.storyboard */; };
		B08B4367274A3C6C003B0791 /* Assets.xcassets in Resources */ = {isa = PBXBuildFile; fileRef = B08B4366274A3C6C003B0791 /* Assets.xcassets */; };
		B08B436A274A3C6C003B0791 /* LaunchScreen.storyboard in Resources */ = {isa = PBXBuildFile; fileRef = B08B4368274A3C6C003B0791 /* LaunchScreen.storyboard */; };
		B08B4372274A3D63003B0791 /* ImageFilter.swift in Sources */ = {isa = PBXBuildFile; fileRef = B08B4371274A3D63003B0791 /* ImageFilter.swift */; };
		B0A8306A27554D27003B20F3 /* ImagePickerVC.swift in Sources */ = {isa = PBXBuildFile; fileRef = B0A8306927554D27003B20F3 /* ImagePickerVC.swift */; };
		B0D4D7CD279081A00023BA18 /* StoreKit.framework in Frameworks */ = {isa = PBXBuildFile; fileRef = B0D4D7CC279081A00023BA18 /* StoreKit.framework */; };
		B0D58046275930C9001331C5 /* PhotoEditorVC.swift in Sources */ = {isa = PBXBuildFile; fileRef = B0D58045275930C9001331C5 /* PhotoEditorVC.swift */; };
		B0D5804827593341001331C5 /* mainCell.swift in Sources */ = {isa = PBXBuildFile; fileRef = B0D5804727593341001331C5 /* mainCell.swift */; };
		B0D5804A2759363F001331C5 /* verticleCell.swift in Sources */ = {isa = PBXBuildFile; fileRef = B0D580492759363F001331C5 /* verticleCell.swift */; };
		B0E439A1276F87EA00FBD550 /* ImageColorEditorVC.swift in Sources */ = {isa = PBXBuildFile; fileRef = B0E439A0276F87EA00FBD550 /* ImageColorEditorVC.swift */; };
/* End PBXBuildFile section */

/* Begin PBXFileReference section */
		0F63B7DE4BE6DC72BC859584 /* Pods-Filter It.debug.xcconfig */ = {isa = PBXFileReference; includeInIndex = 1; lastKnownFileType = text.xcconfig; name = "Pods-Filter It.debug.xcconfig"; path = "Target Support Files/Pods-Filter It/Pods-Filter It.debug.xcconfig"; sourceTree = "<group>"; };
		845A92E92A20C18A00651D35 /* TypeVC.xib */ = {isa = PBXFileReference; fileEncoding = 4; lastKnownFileType = file.xib; path = TypeVC.xib; sourceTree = "<group>"; };
		845A92EB2A20C19500651D35 /* TypeVC.swift */ = {isa = PBXFileReference; fileEncoding = 4; lastKnownFileType = sourcecode.swift; path = TypeVC.swift; sourceTree = "<group>"; };
		846BC2EE2AE82F6900AD428C /* Apps15init.swift */ = {isa = PBXFileReference; lastKnownFileType = sourcecode.swift; path = Apps15init.swift; sourceTree = "<group>"; };
		84749B552AE51FE5004FBAE1 /* Montserrat-VariableFont_wght.ttf */ = {isa = PBXFileReference; lastKnownFileType = file; path = "Montserrat-VariableFont_wght.ttf"; sourceTree = "<group>"; };
		84749B562AE51FE5004FBAE1 /* Montserrat-Italic-VariableFont_wght.ttf */ = {isa = PBXFileReference; lastKnownFileType = file; path = "Montserrat-Italic-VariableFont_wght.ttf"; sourceTree = "<group>"; };
		84749B582AE51FE5004FBAE1 /* Montserrat-LightItalic.ttf */ = {isa = PBXFileReference; lastKnownFileType = file; path = "Montserrat-LightItalic.ttf"; sourceTree = "<group>"; };
		84749B592AE51FE5004FBAE1 /* Montserrat-Medium.ttf */ = {isa = PBXFileReference; lastKnownFileType = file; path = "Montserrat-Medium.ttf"; sourceTree = "<group>"; };
		84749B5A2AE51FE5004FBAE1 /* Montserrat-BoldItalic.ttf */ = {isa = PBXFileReference; lastKnownFileType = file; path = "Montserrat-BoldItalic.ttf"; sourceTree = "<group>"; };
		84749B5B2AE51FE5004FBAE1 /* Montserrat-Light.ttf */ = {isa = PBXFileReference; lastKnownFileType = file; path = "Montserrat-Light.ttf"; sourceTree = "<group>"; };
		84749B5C2AE51FE5004FBAE1 /* Montserrat-ThinItalic.ttf */ = {isa = PBXFileReference; lastKnownFileType = file; path = "Montserrat-ThinItalic.ttf"; sourceTree = "<group>"; };
		84749B5D2AE51FE5004FBAE1 /* Montserrat-ExtraLight.ttf */ = {isa = PBXFileReference; lastKnownFileType = file; path = "Montserrat-ExtraLight.ttf"; sourceTree = "<group>"; };
		84749B5E2AE51FE5004FBAE1 /* Montserrat-Thin.ttf */ = {isa = PBXFileReference; lastKnownFileType = file; path = "Montserrat-Thin.ttf"; sourceTree = "<group>"; };
		84749B5F2AE51FE5004FBAE1 /* Montserrat-Bold.ttf */ = {isa = PBXFileReference; lastKnownFileType = file; path = "Montserrat-Bold.ttf"; sourceTree = "<group>"; };
		84749B602AE51FE5004FBAE1 /* Montserrat-MediumItalic.ttf */ = {isa = PBXFileReference; lastKnownFileType = file; path = "Montserrat-MediumItalic.ttf"; sourceTree = "<group>"; };
		84749B612AE51FE5004FBAE1 /* Montserrat-BlackItalic.ttf */ = {isa = PBXFileReference; lastKnownFileType = file; path = "Montserrat-BlackItalic.ttf"; sourceTree = "<group>"; };
		84749B622AE51FE5004FBAE1 /* Montserrat-SemiBold.ttf */ = {isa = PBXFileReference; lastKnownFileType = file; path = "Montserrat-SemiBold.ttf"; sourceTree = "<group>"; };
		84749B632AE51FE5004FBAE1 /* Montserrat-ExtraLightItalic.ttf */ = {isa = PBXFileReference; lastKnownFileType = file; path = "Montserrat-ExtraLightItalic.ttf"; sourceTree = "<group>"; };
		84749B642AE51FE5004FBAE1 /* Montserrat-ExtraBold.ttf */ = {isa = PBXFileReference; lastKnownFileType = file; path = "Montserrat-ExtraBold.ttf"; sourceTree = "<group>"; };
		84749B652AE51FE5004FBAE1 /* Montserrat-Black.ttf */ = {isa = PBXFileReference; lastKnownFileType = file; path = "Montserrat-Black.ttf"; sourceTree = "<group>"; };
		84749B662AE51FE5004FBAE1 /* Montserrat-Regular.ttf */ = {isa = PBXFileReference; lastKnownFileType = file; path = "Montserrat-Regular.ttf"; sourceTree = "<group>"; };
		84749B672AE51FE5004FBAE1 /* Montserrat-Italic.ttf */ = {isa = PBXFileReference; lastKnownFileType = file; path = "Montserrat-Italic.ttf"; sourceTree = "<group>"; };
		84749B682AE51FE5004FBAE1 /* Montserrat-SemiBoldItalic.ttf */ = {isa = PBXFileReference; lastKnownFileType = file; path = "Montserrat-SemiBoldItalic.ttf"; sourceTree = "<group>"; };
		84749B692AE51FE5004FBAE1 /* Montserrat-ExtraBoldItalic.ttf */ = {isa = PBXFileReference; lastKnownFileType = file; path = "Montserrat-ExtraBoldItalic.ttf"; sourceTree = "<group>"; };
		84749B6A2AE51FE5004FBAE1 /* OFL.txt */ = {isa = PBXFileReference; fileEncoding = 4; lastKnownFileType = text; path = OFL.txt; sourceTree = "<group>"; };
		84749B6B2AE51FE5004FBAE1 /* README.txt */ = {isa = PBXFileReference; fileEncoding = 4; lastKnownFileType = text; path = README.txt; sourceTree = "<group>"; };
		84749B832AE520CA004FBAE1 /* selectType.swift */ = {isa = PBXFileReference; fileEncoding = 4; lastKnownFileType = sourcecode.swift; path = selectType.swift; sourceTree = "<group>"; };
		84749B842AE520CA004FBAE1 /* selectType.xib */ = {isa = PBXFileReference; fileEncoding = 4; lastKnownFileType = file.xib; path = selectType.xib; sourceTree = "<group>"; };
		84B94E052AE5156C00A2B210 /* WelcomeEnd.swift */ = {isa = PBXFileReference; fileEncoding = 4; lastKnownFileType = sourcecode.swift; path = WelcomeEnd.swift; sourceTree = "<group>"; };
		84B94E062AE5156C00A2B210 /* Welcome.storyboard */ = {isa = PBXFileReference; fileEncoding = 4; lastKnownFileType = file.storyboard; path = Welcome.storyboard; sourceTree = "<group>"; };
		84B94E0B2AE5156C00A2B210 /* WelcomeModel.swift */ = {isa = PBXFileReference; fileEncoding = 4; lastKnownFileType = sourcecode.swift; path = WelcomeModel.swift; sourceTree = "<group>"; };
		9EC207373B3A8B41E105A842 /* Pods_Filter_It.framework */ = {isa = PBXFileReference; explicitFileType = wrapper.framework; includeInIndex = 0; path = Pods_Filter_It.framework; sourceTree = BUILT_PRODUCTS_DIR; };
		B007CF41279D78A600493B6D /* PageOne.swift */ = {isa = PBXFileReference; lastKnownFileType = sourcecode.swift; path = PageOne.swift; sourceTree = "<group>"; };
		B007CF42279D78A600493B6D /* PageOne.xib */ = {isa = PBXFileReference; lastKnownFileType = file.xib; path = PageOne.xib; sourceTree = "<group>"; };
		B007CF51279D83E200493B6D /* PageTwo.json */ = {isa = PBXFileReference; fileEncoding = 4; lastKnownFileType = text.json; path = PageTwo.json; sourceTree = "<group>"; };
		B007CF52279D83E200493B6D /* PageThree.json */ = {isa = PBXFileReference; fileEncoding = 4; lastKnownFileType = text.json; path = PageThree.json; sourceTree = "<group>"; };
		B007CF53279D83E200493B6D /* PageOne.json */ = {isa = PBXFileReference; fileEncoding = 4; lastKnownFileType = text.json; path = PageOne.json; sourceTree = "<group>"; };
		B0332FE72782DDCE00990D30 /* FavViewController.swift */ = {isa = PBXFileReference; lastKnownFileType = sourcecode.swift; path = FavViewController.swift; sourceTree = "<group>"; };
		B05241F027931C4E00064A94 /* InAppPurchases.swift */ = {isa = PBXFileReference; fileEncoding = 4; lastKnownFileType = sourcecode.swift; path = InAppPurchases.swift; sourceTree = "<group>"; };
		B05241F127931C4E00064A94 /* InAppPurchases.xib */ = {isa = PBXFileReference; fileEncoding = 4; lastKnownFileType = file.xib; path = InAppPurchases.xib; sourceTree = "<group>"; };
		B06BFEAD279DAFD600C326A0 /* PageTwo.xib */ = {isa = PBXFileReference; fileEncoding = 4; lastKnownFileType = file.xib; path = PageTwo.xib; sourceTree = "<group>"; };
		B06BFEAE279DAFD600C326A0 /* PageTwo.swift */ = {isa = PBXFileReference; fileEncoding = 4; lastKnownFileType = sourcecode.swift; path = PageTwo.swift; sourceTree = "<group>"; };
		B0846D7E294EFCFE00C09DAB /* GoogleService-Info.plist */ = {isa = PBXFileReference; fileEncoding = 4; lastKnownFileType = text.plist.xml; path = "GoogleService-Info.plist"; sourceTree = "<group>"; };
		B0857F8A279DB2A700B15C4F /* PageThree.swift */ = {isa = PBXFileReference; fileEncoding = 4; lastKnownFileType = sourcecode.swift; path = PageThree.swift; sourceTree = "<group>"; };
		B0857F8B279DB2A700B15C4F /* PageThree.xib */ = {isa = PBXFileReference; fileEncoding = 4; lastKnownFileType = file.xib; path = PageThree.xib; sourceTree = "<group>"; };
		B08B435A274A3C6B003B0791 /* Filter It.app */ = {isa = PBXFileReference; explicitFileType = wrapper.application; includeInIndex = 0; path = "Filter It.app"; sourceTree = BUILT_PRODUCTS_DIR; };
		B08B435D274A3C6B003B0791 /* AppDelegate.swift */ = {isa = PBXFileReference; lastKnownFileType = sourcecode.swift; path = AppDelegate.swift; sourceTree = "<group>"; };
		B08B4361274A3C6B003B0791 /* ViewController.swift */ = {isa = PBXFileReference; lastKnownFileType = sourcecode.swift; path = ViewController.swift; sourceTree = "<group>"; };
		B08B4364274A3C6B003B0791 /* Base */ = {isa = PBXFileReference; lastKnownFileType = file.storyboard; name = Base; path = Base.lproj/Main.storyboard; sourceTree = "<group>"; };
		B08B4366274A3C6C003B0791 /* Assets.xcassets */ = {isa = PBXFileReference; lastKnownFileType = folder.assetcatalog; path = Assets.xcassets; sourceTree = "<group>"; };
		B08B4369274A3C6C003B0791 /* Base */ = {isa = PBXFileReference; lastKnownFileType = file.storyboard; name = Base; path = Base.lproj/LaunchScreen.storyboard; sourceTree = "<group>"; };
		B08B436B274A3C6C003B0791 /* Info.plist */ = {isa = PBXFileReference; lastKnownFileType = text.plist.xml; path = Info.plist; sourceTree = "<group>"; };
		B08B4371274A3D63003B0791 /* ImageFilter.swift */ = {isa = PBXFileReference; lastKnownFileType = sourcecode.swift; path = ImageFilter.swift; sourceTree = "<group>"; };
		B0A8306927554D27003B20F3 /* ImagePickerVC.swift */ = {isa = PBXFileReference; lastKnownFileType = sourcecode.swift; path = ImagePickerVC.swift; sourceTree = "<group>"; };
		B0D4D7CC279081A00023BA18 /* StoreKit.framework */ = {isa = PBXFileReference; lastKnownFileType = wrapper.framework; name = StoreKit.framework; path = System/Library/Frameworks/StoreKit.framework; sourceTree = SDKROOT; };
		B0D58045275930C9001331C5 /* PhotoEditorVC.swift */ = {isa = PBXFileReference; lastKnownFileType = sourcecode.swift; path = PhotoEditorVC.swift; sourceTree = "<group>"; };
		B0D5804727593341001331C5 /* mainCell.swift */ = {isa = PBXFileReference; lastKnownFileType = sourcecode.swift; path = mainCell.swift; sourceTree = "<group>"; };
		B0D580492759363F001331C5 /* verticleCell.swift */ = {isa = PBXFileReference; lastKnownFileType = sourcecode.swift; path = verticleCell.swift; sourceTree = "<group>"; };
		B0E439A0276F87EA00FBD550 /* ImageColorEditorVC.swift */ = {isa = PBXFileReference; lastKnownFileType = sourcecode.swift; path = ImageColorEditorVC.swift; sourceTree = "<group>"; };
		D11914D1929047F1D3DD30F0 /* Pods-Filter It.release.xcconfig */ = {isa = PBXFileReference; includeInIndex = 1; lastKnownFileType = text.xcconfig; name = "Pods-Filter It.release.xcconfig"; path = "Target Support Files/Pods-Filter It/Pods-Filter It.release.xcconfig"; sourceTree = "<group>"; };
/* End PBXFileReference section */

/* Begin PBXFrameworksBuildPhase section */
		B08B4357274A3C6B003B0791 /* Frameworks */ = {
			isa = PBXFrameworksBuildPhase;
			buildActionMask = 2147483647;
			files = (
				16B149AD3ADCDCF881831A2E /* Pods_Filter_It.framework in Frameworks */,
				B0846D82294F015500C09DAB /* FirebaseAnalyticsWithoutAdIdSupport in Frameworks */,
				B0D4D7CD279081A00023BA18 /* StoreKit.framework in Frameworks */,
			);
			runOnlyForDeploymentPostprocessing = 0;
		};
/* End PBXFrameworksBuildPhase section */

/* Begin PBXGroup section */
		5C644BF6BE8C4C3037F19682 /* Frameworks */ = {
			isa = PBXGroup;
			children = (
				B0D4D7CC279081A00023BA18 /* StoreKit.framework */,
				9EC207373B3A8B41E105A842 /* Pods_Filter_It.framework */,
			);
			name = Frameworks;
			sourceTree = "<group>";
		};
		6E6596394F4365402F6EEBF4 /* Pods */ = {
			isa = PBXGroup;
			children = (
				0F63B7DE4BE6DC72BC859584 /* Pods-Filter It.debug.xcconfig */,
				D11914D1929047F1D3DD30F0 /* Pods-Filter It.release.xcconfig */,
			);
			path = Pods;
			sourceTree = "<group>";
		};
		84749B542AE51FE5004FBAE1 /* Montserrat */ = {
			isa = PBXGroup;
			children = (
				84749B552AE51FE5004FBAE1 /* Montserrat-VariableFont_wght.ttf */,
				84749B562AE51FE5004FBAE1 /* Montserrat-Italic-VariableFont_wght.ttf */,
				84749B572AE51FE5004FBAE1 /* static */,
				84749B6A2AE51FE5004FBAE1 /* OFL.txt */,
				84749B6B2AE51FE5004FBAE1 /* README.txt */,
			);
			path = Montserrat;
			sourceTree = "<group>";
		};
		84749B572AE51FE5004FBAE1 /* static */ = {
			isa = PBXGroup;
			children = (
				84749B582AE51FE5004FBAE1 /* Montserrat-LightItalic.ttf */,
				84749B592AE51FE5004FBAE1 /* Montserrat-Medium.ttf */,
				84749B5A2AE51FE5004FBAE1 /* Montserrat-BoldItalic.ttf */,
				84749B5B2AE51FE5004FBAE1 /* Montserrat-Light.ttf */,
				84749B5C2AE51FE5004FBAE1 /* Montserrat-ThinItalic.ttf */,
				84749B5D2AE51FE5004FBAE1 /* Montserrat-ExtraLight.ttf */,
				84749B5E2AE51FE5004FBAE1 /* Montserrat-Thin.ttf */,
				84749B5F2AE51FE5004FBAE1 /* Montserrat-Bold.ttf */,
				84749B602AE51FE5004FBAE1 /* Montserrat-MediumItalic.ttf */,
				84749B612AE51FE5004FBAE1 /* Montserrat-BlackItalic.ttf */,
				84749B622AE51FE5004FBAE1 /* Montserrat-SemiBold.ttf */,
				84749B632AE51FE5004FBAE1 /* Montserrat-ExtraLightItalic.ttf */,
				84749B642AE51FE5004FBAE1 /* Montserrat-ExtraBold.ttf */,
				84749B652AE51FE5004FBAE1 /* Montserrat-Black.ttf */,
				84749B662AE51FE5004FBAE1 /* Montserrat-Regular.ttf */,
				84749B672AE51FE5004FBAE1 /* Montserrat-Italic.ttf */,
				84749B682AE51FE5004FBAE1 /* Montserrat-SemiBoldItalic.ttf */,
				84749B692AE51FE5004FBAE1 /* Montserrat-ExtraBoldItalic.ttf */,
			);
			path = static;
			sourceTree = "<group>";
		};
		84749B822AE520CA004FBAE1 /* Cell */ = {
			isa = PBXGroup;
			children = (
				84749B832AE520CA004FBAE1 /* selectType.swift */,
				84749B842AE520CA004FBAE1 /* selectType.xib */,
			);
			path = Cell;
			sourceTree = "<group>";
		};
		84A1690F2AE515CF004ACC68 /* WelcomeCells */ = {
			isa = PBXGroup;
			children = (
			);
			path = WelcomeCells;
			sourceTree = "<group>";
		};
		84B94DFF2AE5156C00A2B210 /* WelcomePages */ = {
			isa = PBXGroup;
			children = (
				84A1690F2AE515CF004ACC68 /* WelcomeCells */,
				84B94E052AE5156C00A2B210 /* WelcomeEnd.swift */,
				84B94E062AE5156C00A2B210 /* Welcome.storyboard */,
				84749B822AE520CA004FBAE1 /* Cell */,
				84B94E0B2AE5156C00A2B210 /* WelcomeModel.swift */,
			);
			path = WelcomePages;
			sourceTree = "<group>";
		};
		B007CF57279D83FC00493B6D /* Lotties */ = {
			isa = PBXGroup;
			children = (
				B007CF53279D83E200493B6D /* PageOne.json */,
				B007CF52279D83E200493B6D /* PageThree.json */,
				B007CF51279D83E200493B6D /* PageTwo.json */,
			);
			name = Lotties;
			sourceTree = "<group>";
		};
		B08B4351274A3C6B003B0791 = {
			isa = PBXGroup;
			children = (
				B08B435C274A3C6B003B0791 /* Filter It */,
				B08B435B274A3C6B003B0791 /* Products */,
				6E6596394F4365402F6EEBF4 /* Pods */,
				5C644BF6BE8C4C3037F19682 /* Frameworks */,
			);
			sourceTree = "<group>";
		};
		B08B435B274A3C6B003B0791 /* Products */ = {
			isa = PBXGroup;
			children = (
				B08B435A274A3C6B003B0791 /* Filter It.app */,
			);
			name = Products;
			sourceTree = "<group>";
		};
		B08B435C274A3C6B003B0791 /* Filter It */ = {
			isa = PBXGroup;
			children = (
				84B94DFF2AE5156C00A2B210 /* WelcomePages */,
				B007CF57279D83FC00493B6D /* Lotties */,
				B0E4399F276F87A900FBD550 /* VCs */,
				B08B4363274A3C6B003B0791 /* Main.storyboard */,
				B08B4366274A3C6C003B0791 /* Assets.xcassets */,
				B08B4368274A3C6C003B0791 /* LaunchScreen.storyboard */,
				B08B435D274A3C6B003B0791 /* AppDelegate.swift */,
				B08B4371274A3D63003B0791 /* ImageFilter.swift */,
				B0846D7E294EFCFE00C09DAB /* GoogleService-Info.plist */,
				B08B436B274A3C6C003B0791 /* Info.plist */,
				846BC2EE2AE82F6900AD428C /* Apps15init.swift */,
				B0D5804727593341001331C5 /* mainCell.swift */,
				B0D580492759363F001331C5 /* verticleCell.swift */,
				84749B542AE51FE5004FBAE1 /* Montserrat */,
			);
			path = "Filter It";
			sourceTree = "<group>";
		};
		B0D4D7CE279083410023BA18 /* IAP */ = {
			isa = PBXGroup;
			children = (
				B05241F027931C4E00064A94 /* InAppPurchases.swift */,
				B05241F127931C4E00064A94 /* InAppPurchases.xib */,
			);
			path = IAP;
			sourceTree = "<group>";
		};
		B0E4399F276F87A900FBD550 /* VCs */ = {
			isa = PBXGroup;
			children = (
				B0EC3864279D7768009B1F93 /* Welcome Pages */,
				B0D4D7CE279083410023BA18 /* IAP */,
				B08B4361274A3C6B003B0791 /* ViewController.swift */,
				B0A8306927554D27003B20F3 /* ImagePickerVC.swift */,
				B0D58045275930C9001331C5 /* PhotoEditorVC.swift */,
				B0E439A0276F87EA00FBD550 /* ImageColorEditorVC.swift */,
				B0332FE72782DDCE00990D30 /* FavViewController.swift */,
			);
			path = VCs;
			sourceTree = "<group>";
		};
		B0EC3864279D7768009B1F93 /* Welcome Pages */ = {
			isa = PBXGroup;
			children = (
				B0857F8A279DB2A700B15C4F /* PageThree.swift */,
				B0857F8B279DB2A700B15C4F /* PageThree.xib */,
				B06BFEAE279DAFD600C326A0 /* PageTwo.swift */,
				B06BFEAD279DAFD600C326A0 /* PageTwo.xib */,
				B007CF41279D78A600493B6D /* PageOne.swift */,
				B007CF42279D78A600493B6D /* PageOne.xib */,
				845A92EB2A20C19500651D35 /* TypeVC.swift */,
				845A92E92A20C18A00651D35 /* TypeVC.xib */,
			);
			path = "Welcome Pages";
			sourceTree = "<group>";
		};
/* End PBXGroup section */

/* Begin PBXNativeTarget section */
		B08B4359274A3C6B003B0791 /* Filter It */ = {
			isa = PBXNativeTarget;
			buildConfigurationList = B08B436E274A3C6C003B0791 /* Build configuration list for PBXNativeTarget "Filter It" */;
			buildPhases = (
				9C4E0EC7F756F19C60B9A85C /* [CP] Check Pods Manifest.lock */,
				B08B4356274A3C6B003B0791 /* Sources */,
				B08B4357274A3C6B003B0791 /* Frameworks */,
				B08B4358274A3C6B003B0791 /* Resources */,
				3720BC23CCDD8CB42B87A0DF /* [CP] Embed Pods Frameworks */,
			);
			buildRules = (
			);
			dependencies = (
			);
			name = "Filter It";
			packageProductDependencies = (
				B0846D81294F015500C09DAB /* FirebaseAnalyticsWithoutAdIdSupport */,
			);
			productName = "Filter It";
			productReference = B08B435A274A3C6B003B0791 /* Filter It.app */;
			productType = "com.apple.product-type.application";
		};
/* End PBXNativeTarget section */

/* Begin PBXProject section */
		B08B4352274A3C6B003B0791 /* Project object */ = {
			isa = PBXProject;
			attributes = {
				BuildIndependentTargetsInParallel = 1;
				LastSwiftUpdateCheck = 1310;
				LastUpgradeCheck = 1310;
				TargetAttributes = {
					B08B4359274A3C6B003B0791 = {
						CreatedOnToolsVersion = 13.1;
					};
				};
			};
			buildConfigurationList = B08B4355274A3C6B003B0791 /* Build configuration list for PBXProject "Filter It" */;
			compatibilityVersion = "Xcode 13.0";
			developmentRegion = en;
			hasScannedForEncodings = 0;
			knownRegions = (
				en,
				Base,
			);
			mainGroup = B08B4351274A3C6B003B0791;
			packageReferences = (
				B0846D80294F015500C09DAB /* XCRemoteSwiftPackageReference "firebase-ios-sdk" */,
			);
			productRefGroup = B08B435B274A3C6B003B0791 /* Products */;
			projectDirPath = "";
			projectRoot = "";
			targets = (
				B08B4359274A3C6B003B0791 /* Filter It */,
			);
		};
/* End PBXProject section */

/* Begin PBXResourcesBuildPhase section */
		B08B4358274A3C6B003B0791 /* Resources */ = {
			isa = PBXResourcesBuildPhase;
			buildActionMask = 2147483647;
			files = (
				84749B802AE51FE5004FBAE1 /* OFL.txt in Resources */,
				84749B712AE51FE5004FBAE1 /* Montserrat-Light.ttf in Resources */,
				B007CF56279D83E200493B6D /* PageOne.json in Resources */,
				B08B436A274A3C6C003B0791 /* LaunchScreen.storyboard in Resources */,
				84749B862AE520CA004FBAE1 /* selectType.xib in Resources */,
				84749B7D2AE51FE5004FBAE1 /* Montserrat-Italic.ttf in Resources */,
				B007CF44279D78A600493B6D /* PageOne.xib in Resources */,
				845A92EA2A20C18A00651D35 /* TypeVC.xib in Resources */,
				84749B6C2AE51FE5004FBAE1 /* Montserrat-VariableFont_wght.ttf in Resources */,
				84749B7C2AE51FE5004FBAE1 /* Montserrat-Regular.ttf in Resources */,
				84749B782AE51FE5004FBAE1 /* Montserrat-SemiBold.ttf in Resources */,
				84749B812AE51FE5004FBAE1 /* README.txt in Resources */,
				84B94E112AE5156C00A2B210 /* Welcome.storyboard in Resources */,
				84749B722AE51FE5004FBAE1 /* Montserrat-ThinItalic.ttf in Resources */,
				84749B7E2AE51FE5004FBAE1 /* Montserrat-SemiBoldItalic.ttf in Resources */,
				84749B772AE51FE5004FBAE1 /* Montserrat-BlackItalic.ttf in Resources */,
				84749B7B2AE51FE5004FBAE1 /* Montserrat-Black.ttf in Resources */,
				B08B4367274A3C6C003B0791 /* Assets.xcassets in Resources */,
				84749B6D2AE51FE5004FBAE1 /* Montserrat-Italic-VariableFont_wght.ttf in Resources */,
				84749B792AE51FE5004FBAE1 /* Montserrat-ExtraLightItalic.ttf in Resources */,
				B007CF55279D83E200493B6D /* PageThree.json in Resources */,
				B0846D7F294EFCFE00C09DAB /* GoogleService-Info.plist in Resources */,
				B06BFEAF279DAFD600C326A0 /* PageTwo.xib in Resources */,
				B05241F52794267800064A94 /* InAppPurchases.xib in Resources */,
				84749B762AE51FE5004FBAE1 /* Montserrat-MediumItalic.ttf in Resources */,
				84749B702AE51FE5004FBAE1 /* Montserrat-BoldItalic.ttf in Resources */,
				84749B742AE51FE5004FBAE1 /* Montserrat-Thin.ttf in Resources */,
				84749B6E2AE51FE5004FBAE1 /* Montserrat-LightItalic.ttf in Resources */,
				84749B7A2AE51FE5004FBAE1 /* Montserrat-ExtraBold.ttf in Resources */,
				84749B732AE51FE5004FBAE1 /* Montserrat-ExtraLight.ttf in Resources */,
				B0857F8D279DB2A700B15C4F /* PageThree.xib in Resources */,
				84749B7F2AE51FE5004FBAE1 /* Montserrat-ExtraBoldItalic.ttf in Resources */,
				84749B752AE51FE5004FBAE1 /* Montserrat-Bold.ttf in Resources */,
				B08B4365274A3C6B003B0791 /* Main.storyboard in Resources */,
				84749B6F2AE51FE5004FBAE1 /* Montserrat-Medium.ttf in Resources */,
				B007CF54279D83E200493B6D /* PageTwo.json in Resources */,
			);
			runOnlyForDeploymentPostprocessing = 0;
		};
/* End PBXResourcesBuildPhase section */

/* Begin PBXShellScriptBuildPhase section */
		3720BC23CCDD8CB42B87A0DF /* [CP] Embed Pods Frameworks */ = {
			isa = PBXShellScriptBuildPhase;
			buildActionMask = 2147483647;
			files = (
			);
			inputFileListPaths = (
				"${PODS_ROOT}/Target Support Files/Pods-Filter It/Pods-Filter It-frameworks-${CONFIGURATION}-input-files.xcfilelist",
			);
			name = "[CP] Embed Pods Frameworks";
			outputFileListPaths = (
				"${PODS_ROOT}/Target Support Files/Pods-Filter It/Pods-Filter It-frameworks-${CONFIGURATION}-output-files.xcfilelist",
			);
			runOnlyForDeploymentPostprocessing = 0;
			shellPath = /bin/sh;
			shellScript = "\"${PODS_ROOT}/Target Support Files/Pods-Filter It/Pods-Filter It-frameworks.sh\"\n";
			showEnvVarsInLog = 0;
		};
		9C4E0EC7F756F19C60B9A85C /* [CP] Check Pods Manifest.lock */ = {
			isa = PBXShellScriptBuildPhase;
			buildActionMask = 2147483647;
			files = (
			);
			inputFileListPaths = (
			);
			inputPaths = (
				"${PODS_PODFILE_DIR_PATH}/Podfile.lock",
				"${PODS_ROOT}/Manifest.lock",
			);
			name = "[CP] Check Pods Manifest.lock";
			outputFileListPaths = (
			);
			outputPaths = (
				"$(DERIVED_FILE_DIR)/Pods-Filter It-checkManifestLockResult.txt",
			);
			runOnlyForDeploymentPostprocessing = 0;
			shellPath = /bin/sh;
			shellScript = "diff \"${PODS_PODFILE_DIR_PATH}/Podfile.lock\" \"${PODS_ROOT}/Manifest.lock\" > /dev/null\nif [ $? != 0 ] ; then\n    # print error to STDERR\n    echo \"error: The sandbox is not in sync with the Podfile.lock. Run 'pod install' or update your CocoaPods installation.\" >&2\n    exit 1\nfi\n# This output is used by Xcode 'outputs' to avoid re-running this script phase.\necho \"SUCCESS\" > \"${SCRIPT_OUTPUT_FILE_0}\"\n";
			showEnvVarsInLog = 0;
		};
/* End PBXShellScriptBuildPhase section */

/* Begin PBXSourcesBuildPhase section */
		B08B4356274A3C6B003B0791 /* Sources */ = {
			isa = PBXSourcesBuildPhase;
			buildActionMask = 2147483647;
			files = (
				B0A8306A27554D27003B20F3 /* ImagePickerVC.swift in Sources */,
				B08B4372274A3D63003B0791 /* ImageFilter.swift in Sources */,
				B08B4362274A3C6B003B0791 /* ViewController.swift in Sources */,
				B007CF43279D78A600493B6D /* PageOne.swift in Sources */,
				84749B852AE520CA004FBAE1 /* selectType.swift in Sources */,
				84B94E102AE5156C00A2B210 /* WelcomeEnd.swift in Sources */,
				B0332FE82782DDCE00990D30 /* FavViewController.swift in Sources */,
				B08B435E274A3C6B003B0791 /* AppDelegate.swift in Sources */,
				B0857F8C279DB2A700B15C4F /* PageThree.swift in Sources */,
				846BC2EF2AE82F6900AD428C /* Apps15init.swift in Sources */,
				B05241F42794267500064A94 /* InAppPurchases.swift in Sources */,
				B06BFEB0279DAFD600C326A0 /* PageTwo.swift in Sources */,
				B0D5804827593341001331C5 /* mainCell.swift in Sources */,
				B0E439A1276F87EA00FBD550 /* ImageColorEditorVC.swift in Sources */,
				84B94E152AE5156C00A2B210 /* WelcomeModel.swift in Sources */,
				B0D5804A2759363F001331C5 /* verticleCell.swift in Sources */,
				845A92EC2A20C19500651D35 /* TypeVC.swift in Sources */,
				B0D58046275930C9001331C5 /* PhotoEditorVC.swift in Sources */,
			);
			runOnlyForDeploymentPostprocessing = 0;
		};
/* End PBXSourcesBuildPhase section */

/* Begin PBXVariantGroup section */
		B08B4363274A3C6B003B0791 /* Main.storyboard */ = {
			isa = PBXVariantGroup;
			children = (
				B08B4364274A3C6B003B0791 /* Base */,
			);
			name = Main.storyboard;
			sourceTree = "<group>";
		};
		B08B4368274A3C6C003B0791 /* LaunchScreen.storyboard */ = {
			isa = PBXVariantGroup;
			children = (
				B08B4369274A3C6C003B0791 /* Base */,
			);
			name = LaunchScreen.storyboard;
			sourceTree = "<group>";
		};
/* End PBXVariantGroup section */

/* Begin XCBuildConfiguration section */
		B08B436C274A3C6C003B0791 /* Debug */ = {
			isa = XCBuildConfiguration;
			buildSettings = {
				ALWAYS_SEARCH_USER_PATHS = NO;
				CLANG_ANALYZER_NONNULL = YES;
				CLANG_ANALYZER_NUMBER_OBJECT_CONVERSION = YES_AGGRESSIVE;
				CLANG_CXX_LANGUAGE_STANDARD = "gnu++17";
				CLANG_CXX_LIBRARY = "libc++";
				CLANG_ENABLE_MODULES = YES;
				CLANG_ENABLE_OBJC_ARC = YES;
				CLANG_ENABLE_OBJC_WEAK = YES;
				CLANG_WARN_BLOCK_CAPTURE_AUTORELEASING = YES;
				CLANG_WARN_BOOL_CONVERSION = YES;
				CLANG_WARN_COMMA = YES;
				CLANG_WARN_CONSTANT_CONVERSION = YES;
				CLANG_WARN_DEPRECATED_OBJC_IMPLEMENTATIONS = YES;
				CLANG_WARN_DIRECT_OBJC_ISA_USAGE = YES_ERROR;
				CLANG_WARN_DOCUMENTATION_COMMENTS = YES;
				CLANG_WARN_EMPTY_BODY = YES;
				CLANG_WARN_ENUM_CONVERSION = YES;
				CLANG_WARN_INFINITE_RECURSION = YES;
				CLANG_WARN_INT_CONVERSION = YES;
				CLANG_WARN_NON_LITERAL_NULL_CONVERSION = YES;
				CLANG_WARN_OBJC_IMPLICIT_RETAIN_SELF = YES;
				CLANG_WARN_OBJC_LITERAL_CONVERSION = YES;
				CLANG_WARN_OBJC_ROOT_CLASS = YES_ERROR;
				CLANG_WARN_QUOTED_INCLUDE_IN_FRAMEWORK_HEADER = YES;
				CLANG_WARN_RANGE_LOOP_ANALYSIS = YES;
				CLANG_WARN_STRICT_PROTOTYPES = YES;
				CLANG_WARN_SUSPICIOUS_MOVE = YES;
				CLANG_WARN_UNGUARDED_AVAILABILITY = YES_AGGRESSIVE;
				CLANG_WARN_UNREACHABLE_CODE = YES;
				CLANG_WARN__DUPLICATE_METHOD_MATCH = YES;
				COPY_PHASE_STRIP = NO;
				DEBUG_INFORMATION_FORMAT = dwarf;
				ENABLE_STRICT_OBJC_MSGSEND = YES;
				ENABLE_TESTABILITY = YES;
				GCC_C_LANGUAGE_STANDARD = gnu11;
				GCC_DYNAMIC_NO_PIC = NO;
				GCC_NO_COMMON_BLOCKS = YES;
				GCC_OPTIMIZATION_LEVEL = 0;
				GCC_PREPROCESSOR_DEFINITIONS = (
					"DEBUG=1",
					"$(inherited)",
				);
				GCC_WARN_64_TO_32_BIT_CONVERSION = YES;
				GCC_WARN_ABOUT_RETURN_TYPE = YES_ERROR;
				GCC_WARN_UNDECLARED_SELECTOR = YES;
				GCC_WARN_UNINITIALIZED_AUTOS = YES_AGGRESSIVE;
				GCC_WARN_UNUSED_FUNCTION = YES;
				GCC_WARN_UNUSED_VARIABLE = YES;
				IPHONEOS_DEPLOYMENT_TARGET = 13.0;
				MTL_ENABLE_DEBUG_INFO = INCLUDE_SOURCE;
				MTL_FAST_MATH = YES;
				ONLY_ACTIVE_ARCH = YES;
				SDKROOT = iphoneos;
				SWIFT_ACTIVE_COMPILATION_CONDITIONS = DEBUG;
				SWIFT_OPTIMIZATION_LEVEL = "-Onone";
				SWIFT_VERSION = 4.0;
			};
			name = Debug;
		};
		B08B436D274A3C6C003B0791 /* Release */ = {
			isa = XCBuildConfiguration;
			buildSettings = {
				ALWAYS_SEARCH_USER_PATHS = NO;
				CLANG_ANALYZER_NONNULL = YES;
				CLANG_ANALYZER_NUMBER_OBJECT_CONVERSION = YES_AGGRESSIVE;
				CLANG_CXX_LANGUAGE_STANDARD = "gnu++17";
				CLANG_CXX_LIBRARY = "libc++";
				CLANG_ENABLE_MODULES = YES;
				CLANG_ENABLE_OBJC_ARC = YES;
				CLANG_ENABLE_OBJC_WEAK = YES;
				CLANG_WARN_BLOCK_CAPTURE_AUTORELEASING = YES;
				CLANG_WARN_BOOL_CONVERSION = YES;
				CLANG_WARN_COMMA = YES;
				CLANG_WARN_CONSTANT_CONVERSION = YES;
				CLANG_WARN_DEPRECATED_OBJC_IMPLEMENTATIONS = YES;
				CLANG_WARN_DIRECT_OBJC_ISA_USAGE = YES_ERROR;
				CLANG_WARN_DOCUMENTATION_COMMENTS = YES;
				CLANG_WARN_EMPTY_BODY = YES;
				CLANG_WARN_ENUM_CONVERSION = YES;
				CLANG_WARN_INFINITE_RECURSION = YES;
				CLANG_WARN_INT_CONVERSION = YES;
				CLANG_WARN_NON_LITERAL_NULL_CONVERSION = YES;
				CLANG_WARN_OBJC_IMPLICIT_RETAIN_SELF = YES;
				CLANG_WARN_OBJC_LITERAL_CONVERSION = YES;
				CLANG_WARN_OBJC_ROOT_CLASS = YES_ERROR;
				CLANG_WARN_QUOTED_INCLUDE_IN_FRAMEWORK_HEADER = YES;
				CLANG_WARN_RANGE_LOOP_ANALYSIS = YES;
				CLANG_WARN_STRICT_PROTOTYPES = YES;
				CLANG_WARN_SUSPICIOUS_MOVE = YES;
				CLANG_WARN_UNGUARDED_AVAILABILITY = YES_AGGRESSIVE;
				CLANG_WARN_UNREACHABLE_CODE = YES;
				CLANG_WARN__DUPLICATE_METHOD_MATCH = YES;
				COPY_PHASE_STRIP = NO;
				DEBUG_INFORMATION_FORMAT = "dwarf-with-dsym";
				ENABLE_NS_ASSERTIONS = NO;
				ENABLE_STRICT_OBJC_MSGSEND = YES;
				GCC_C_LANGUAGE_STANDARD = gnu11;
				GCC_NO_COMMON_BLOCKS = YES;
				GCC_WARN_64_TO_32_BIT_CONVERSION = YES;
				GCC_WARN_ABOUT_RETURN_TYPE = YES_ERROR;
				GCC_WARN_UNDECLARED_SELECTOR = YES;
				GCC_WARN_UNINITIALIZED_AUTOS = YES_AGGRESSIVE;
				GCC_WARN_UNUSED_FUNCTION = YES;
				GCC_WARN_UNUSED_VARIABLE = YES;
				IPHONEOS_DEPLOYMENT_TARGET = 13.0;
				MTL_ENABLE_DEBUG_INFO = NO;
				MTL_FAST_MATH = YES;
				SDKROOT = iphoneos;
				SWIFT_COMPILATION_MODE = wholemodule;
				SWIFT_OPTIMIZATION_LEVEL = "-O";
				SWIFT_VERSION = 4.0;
				VALIDATE_PRODUCT = YES;
			};
			name = Release;
		};
		B08B436F274A3C6C003B0791 /* Debug */ = {
			isa = XCBuildConfiguration;
			baseConfigurationReference = 0F63B7DE4BE6DC72BC859584 /* Pods-Filter It.debug.xcconfig */;
			buildSettings = {
				ASSETCATALOG_COMPILER_APPICON_NAME = AppIcon;
				ASSETCATALOG_COMPILER_GLOBAL_ACCENT_COLOR_NAME = AccentColor;
				CODE_SIGN_STYLE = Automatic;
				CURRENT_PROJECT_VERSION = 16.9;
				DEVELOPMENT_TEAM = 959YZPX78D;
				GENERATE_INFOPLIST_FILE = YES;
				INFOPLIST_FILE = "Filter It/Info.plist";
				INFOPLIST_KEY_CFBundleDisplayName = "Photo Effect";
				INFOPLIST_KEY_NSCameraUsageDescription = "This app want to use camera for taking photo so app can apply filters on it";
				INFOPLIST_KEY_NSPhotoLibraryAddUsageDescription = "Please allow access to save filtered photo in your photo library";
				INFOPLIST_KEY_NSPhotoLibraryUsageDescription = "Please allow access to save choose photos from library to apply filters on it";
				INFOPLIST_KEY_UIApplicationSupportsIndirectInputEvents = YES;
				INFOPLIST_KEY_UILaunchStoryboardName = LaunchScreen;
				INFOPLIST_KEY_UIMainStoryboardFile = Main;
				INFOPLIST_KEY_UIStatusBarHidden = YES;
				INFOPLIST_KEY_UISupportedInterfaceOrientations_iPad = "UIInterfaceOrientationPortrait UIInterfaceOrientationPortraitUpsideDown UIInterfaceOrientationLandscapeLeft UIInterfaceOrientationLandscapeRight";
				INFOPLIST_KEY_UISupportedInterfaceOrientations_iPhone = "UIInterfaceOrientationPortrait UIInterfaceOrientationLandscapeLeft UIInterfaceOrientationLandscapeRight";
				INFOPLIST_KEY_UIUserInterfaceStyle = Dark;
				IPHONEOS_DEPLOYMENT_TARGET = 13.0;
				LD_RUNPATH_SEARCH_PATHS = (
					"$(inherited)",
					"@executable_path/Frameworks",
				);
				MARKETING_VERSION = 1.6;
				PRODUCT_BUNDLE_IDENTIFIER = "com.Filter-It";
				PRODUCT_NAME = "$(TARGET_NAME)";
				SWIFT_EMIT_LOC_STRINGS = YES;
				SWIFT_VERSION = 5.0;
				TARGETED_DEVICE_FAMILY = 1;
			};
			name = Debug;
		};
		B08B4370274A3C6C003B0791 /* Release */ = {
			isa = XCBuildConfiguration;
			baseConfigurationReference = D11914D1929047F1D3DD30F0 /* Pods-Filter It.release.xcconfig */;
			buildSettings = {
				ASSETCATALOG_COMPILER_APPICON_NAME = AppIcon;
				ASSETCATALOG_COMPILER_GLOBAL_ACCENT_COLOR_NAME = AccentColor;
				CODE_SIGN_STYLE = Automatic;
				CURRENT_PROJECT_VERSION = 16.9;
				DEVELOPMENT_TEAM = 959YZPX78D;
				GENERATE_INFOPLIST_FILE = YES;
				INFOPLIST_FILE = "Filter It/Info.plist";
				INFOPLIST_KEY_CFBundleDisplayName = "Photo Effect";
				INFOPLIST_KEY_NSCameraUsageDescription = "This app want to use camera for taking photo so app can apply filters on it";
				INFOPLIST_KEY_NSPhotoLibraryAddUsageDescription = "Please allow access to save filtered photo in your photo library";
				INFOPLIST_KEY_NSPhotoLibraryUsageDescription = "Please allow access to save choose photos from library to apply filters on it";
				INFOPLIST_KEY_UIApplicationSupportsIndirectInputEvents = YES;
				INFOPLIST_KEY_UILaunchStoryboardName = LaunchScreen;
				INFOPLIST_KEY_UIMainStoryboardFile = Main;
				INFOPLIST_KEY_UIStatusBarHidden = YES;
				INFOPLIST_KEY_UISupportedInterfaceOrientations_iPad = "UIInterfaceOrientationPortrait UIInterfaceOrientationPortraitUpsideDown UIInterfaceOrientationLandscapeLeft UIInterfaceOrientationLandscapeRight";
				INFOPLIST_KEY_UISupportedInterfaceOrientations_iPhone = "UIInterfaceOrientationPortrait UIInterfaceOrientationLandscapeLeft UIInterfaceOrientationLandscapeRight";
				INFOPLIST_KEY_UIUserInterfaceStyle = Dark;
				IPHONEOS_DEPLOYMENT_TARGET = 13.0;
				LD_RUNPATH_SEARCH_PATHS = (
					"$(inherited)",
					"@executable_path/Frameworks",
				);
				MARKETING_VERSION = 1.6;
				PRODUCT_BUNDLE_IDENTIFIER = "com.Filter-It";
				PRODUCT_NAME = "$(TARGET_NAME)";
				SWIFT_EMIT_LOC_STRINGS = YES;
				SWIFT_VERSION = 5.0;
				TARGETED_DEVICE_FAMILY = 1;
			};
			name = Release;
		};
/* End XCBuildConfiguration section */

/* Begin XCConfigurationList section */
		B08B4355274A3C6B003B0791 /* Build configuration list for PBXProject "Filter It" */ = {
			isa = XCConfigurationList;
			buildConfigurations = (
				B08B436C274A3C6C003B0791 /* Debug */,
				B08B436D274A3C6C003B0791 /* Release */,
			);
			defaultConfigurationIsVisible = 0;
			defaultConfigurationName = Release;
		};
		B08B436E274A3C6C003B0791 /* Build configuration list for PBXNativeTarget "Filter It" */ = {
			isa = XCConfigurationList;
			buildConfigurations = (
				B08B436F274A3C6C003B0791 /* Debug */,
				B08B4370274A3C6C003B0791 /* Release */,
			);
			defaultConfigurationIsVisible = 0;
			defaultConfigurationName = Release;
		};
/* End XCConfigurationList section */

/* Begin XCRemoteSwiftPackageReference section */
		B0846D80294F015500C09DAB /* XCRemoteSwiftPackageReference "firebase-ios-sdk" */ = {
			isa = XCRemoteSwiftPackageReference;
			repositoryURL = "https://github.com/firebase/firebase-ios-sdk";
			requirement = {
				kind = exactVersion;
				version = 9.6.0;
			};
		};
/* End XCRemoteSwiftPackageReference section */

/* Begin XCSwiftPackageProductDependency section */
		B0846D81294F015500C09DAB /* FirebaseAnalyticsWithoutAdIdSupport */ = {
			isa = XCSwiftPackageProductDependency;
			package = B0846D80294F015500C09DAB /* XCRemoteSwiftPackageReference "firebase-ios-sdk" */;
			productName = FirebaseAnalyticsWithoutAdIdSupport;
		};
/* End XCSwiftPackageProductDependency section */
	};
	rootObject = B08B4352274A3C6B003B0791 /* Project object */;
}
